# THIS IS AN AUTOGENERATED FILE. DO NOT EDIT THIS FILE DIRECTLY.
# yarn lockfile v1


camelcase@^7.0.0:
  version "7.0.0"
  resolved "https://registry.npmjs.org/camelcase/-/camelcase-7.0.0.tgz#fd112621b212126741f998d614cbc2a8623fd174"
  integrity sha512-JToIvOmz6nhGsUhAYScbo2d6Py5wojjNfoxoc2mEVLUdJ70gJK2gnd+ABY1Tc3sVMyK7QDPtN0T/XdlCQWITyQ==
